
Microsoft Visual Studio Solution File, Format Version 12.00
# Visual Studio Version 17
VisualStudioVersion = 17.14.36623.8 d17.14
MinimumVisualStudioVersion = 10.0.40219.1
Project("{FAE04EC0-301F-11D3-BF4B-00C04F79EFBC}") = "htmldesign5", "htmldesign5.csproj", "{162751AC-1AF7-4AA6-831C-9392BE7AB5BD}"
EndProject
Global
	GlobalSection(SolutionConfigurationPlatforms) = preSolution
		Debug|Any CPU = Debug|Any CPU
		Release|Any CPU = Release|Any CPU
	EndGlobalSection
	GlobalSection(ProjectConfigurationPlatforms) = postSolution
		{162751AC-1AF7-4AA6-831C-9392BE7AB5BD}.Debug|Any CPU.ActiveCfg = Debug|Any CPU
		{162751AC-1AF7-4AA6-831C-9392BE7AB5BD}.Debug|Any CPU.Build.0 = Debug|Any CPU
		{162751AC-1AF7-4AA6-831C-9392BE7AB5BD}.Release|Any CPU.ActiveCfg = Release|Any CPU
		{162751AC-1AF7-4AA6-831C-9392BE7AB5BD}.Release|Any CPU.Build.0 = Release|Any CPU
	EndGlobalSection
	GlobalSection(SolutionProperties) = preSolution
		HideSolutionNode = FALSE
	EndGlobalSection
	GlobalSection(ExtensibilityGlobals) = postSolution
		SolutionGuid = {39F13DC4-3B1E-43F4-A468-1E2EBEEA8918}
	EndGlobalSection
EndGlobal
